
Microsoft Visual Studio Solution File, Format Version 12.00
Project("{FAE04EC0-301F-11D3-BF4B-00C04F79EFBC}") = "OktaWebApp", "OktaWebApp.csproj", "{93A88F80-0C37-490C-81C8-BA2875A4537B}"
EndProject
Global
	GlobalSection(SolutionConfigurationPlatforms) = preSolution
		Debug|Any CPU = Debug|Any CPU
		Release|Any CPU = Release|Any CPU
	EndGlobalSection
	GlobalSection(ProjectConfigurationPlatforms) = postSolution
		{93A88F80-0C37-490C-81C8-BA2875A4537B}.Debug|Any CPU.ActiveCfg = Debug|Any CPU
		{93A88F80-0C37-490C-81C8-BA2875A4537B}.Debug|Any CPU.Build.0 = Debug|Any CPU
		{93A88F80-0C37-490C-81C8-BA2875A4537B}.Release|Any CPU.ActiveCfg = Release|Any CPU
		{93A88F80-0C37-490C-81C8-BA2875A4537B}.Release|Any CPU.Build.0 = Release|Any CPU
	EndGlobalSection
EndGlobal
